// !$*UTF8*$!
{
	archiveVersion = 1;
	classes = {
	};
	objectVersion = 50;
	objects = {

/* Begin PBXBuildFile section */
		1D5238AF266A7335000B4EAD /* RecipeDetailView.swift in Sources */ = {isa = PBXBuildFile; fileRef = 1D5238AE266A7335000B4EAD /* RecipeDetailView.swift */; };
		1D840B3026666BBD00CB1E01 /* QY_M2L13_recipe_list_App.swift in Sources */ = {isa = PBXBuildFile; fileRef = 1D840B2F26666BBD00CB1E01 /* QY_M2L13_recipe_list_App.swift */; };
		1D840B3226666BBD00CB1E01 /* RecipeListView.swift in Sources */ = {isa = PBXBuildFile; fileRef = 1D840B3126666BBD00CB1E01 /* RecipeListView.swift */; };
		1D840B3426666BC000CB1E01 /* Assets.xcassets in Resources */ = {isa = PBXBuildFile; fileRef = 1D840B3326666BC000CB1E01 /* Assets.xcassets */; };
		1D840B3726666BC000CB1E01 /* Preview Assets.xcassets in Resources */ = {isa = PBXBuildFile; fileRef = 1D840B3626666BC000CB1E01 /* Preview Assets.xcassets */; };
		1D840B4426666CF600CB1E01 /* recipes.json in Resources */ = {isa = PBXBuildFile; fileRef = 1D840B4326666CF600CB1E01 /* recipes.json */; };
		1D840B4626666D7F00CB1E01 /* Receipe.swift in Sources */ = {isa = PBXBuildFile; fileRef = 1D840B4526666D7F00CB1E01 /* Receipe.swift */; };
		1D840B482666700A00CB1E01 /* RecipeModel.swift in Sources */ = {isa = PBXBuildFile; fileRef = 1D840B472666700A00CB1E01 /* RecipeModel.swift */; };
		1D840B4A2666753B00CB1E01 /* DataService.swift in Sources */ = {isa = PBXBuildFile; fileRef = 1D840B492666753B00CB1E01 /* DataService.swift */; };
		1DFDC28426AEFDBF008BB0FE /* RecipeTabView.swift in Sources */ = {isa = PBXBuildFile; fileRef = 1DFDC28326AEFDBF008BB0FE /* RecipeTabView.swift */; };
/* End PBXBuildFile section */

/* Begin PBXFileReference section */
		1D5238AE266A7335000B4EAD /* RecipeDetailView.swift */ = {isa = PBXFileReference; lastKnownFileType = sourcecode.swift; path = RecipeDetailView.swift; sourceTree = "<group>"; };
		1D840B2C26666BBC00CB1E01 /* QY M2L13 recipe list app.app */ = {isa = PBXFileReference; explicitFileType = wrapper.application; includeInIndex = 0; path = "QY M2L13 recipe list app.app"; sourceTree = BUILT_PRODUCTS_DIR; };
		1D840B2F26666BBD00CB1E01 /* QY_M2L13_recipe_list_App.swift */ = {isa = PBXFileReference; lastKnownFileType = sourcecode.swift; path = QY_M2L13_recipe_list_App.swift; sourceTree = "<group>"; };
		1D840B3126666BBD00CB1E01 /* RecipeListView.swift */ = {isa = PBXFileReference; lastKnownFileType = sourcecode.swift; path = RecipeListView.swift; sourceTree = "<group>"; };
		1D840B3326666BC000CB1E01 /* Assets.xcassets */ = {isa = PBXFileReference; lastKnownFileType = folder.assetcatalog; path = Assets.xcassets; sourceTree = "<group>"; };
		1D840B3626666BC000CB1E01 /* Preview Assets.xcassets */ = {isa = PBXFileReference; lastKnownFileType = folder.assetcatalog; path = "Preview Assets.xcassets"; sourceTree = "<group>"; };
		1D840B3826666BC000CB1E01 /* Info.plist */ = {isa = PBXFileReference; lastKnownFileType = text.plist.xml; path = Info.plist; sourceTree = "<group>"; };
		1D840B4326666CF600CB1E01 /* recipes.json */ = {isa = PBXFileReference; fileEncoding = 4; lastKnownFileType = text.json; path = recipes.json; sourceTree = "<group>"; };
		1D840B4526666D7F00CB1E01 /* Receipe.swift */ = {isa = PBXFileReference; lastKnownFileType = sourcecode.swift; path = Receipe.swift; sourceTree = "<group>"; };
		1D840B472666700A00CB1E01 /* RecipeModel.swift */ = {isa = PBXFileReference; lastKnownFileType = sourcecode.swift; path = RecipeModel.swift; sourceTree = "<group>"; };
		1D840B492666753B00CB1E01 /* DataService.swift */ = {isa = PBXFileReference; lastKnownFileType = sourcecode.swift; path = DataService.swift; sourceTree = "<group>"; };
		1DFDC28326AEFDBF008BB0FE /* RecipeTabView.swift */ = {isa = PBXFileReference; lastKnownFileType = sourcecode.swift; path = RecipeTabView.swift; sourceTree = "<group>"; };
/* End PBXFileReference section */

/* Begin PBXFrameworksBuildPhase section */
		1D840B2926666BBC00CB1E01 /* Frameworks */ = {
			isa = PBXFrameworksBuildPhase;
			buildActionMask = 2147483647;
			files = (
			);
			runOnlyForDeploymentPostprocessing = 0;
		};
/* End PBXFrameworksBuildPhase section */

/* Begin PBXGroup section */
		1D840B2326666BBC00CB1E01 = {
			isa = PBXGroup;
			children = (
				1D840B2E26666BBC00CB1E01 /* QY M2L13 recipe list app */,
				1D840B2D26666BBC00CB1E01 /* Products */,
			);
			sourceTree = "<group>";
		};
		1D840B2D26666BBC00CB1E01 /* Products */ = {
			isa = PBXGroup;
			children = (
				1D840B2C26666BBC00CB1E01 /* QY M2L13 recipe list app.app */,
			);
			name = Products;
			sourceTree = "<group>";
		};
		1D840B2E26666BBC00CB1E01 /* QY M2L13 recipe list app */ = {
			isa = PBXGroup;
			children = (
				1D840B2F26666BBD00CB1E01 /* QY_M2L13_recipe_list_App.swift */,
				1D840B3E26666BFD00CB1E01 /* Views */,
				1D840B3F26666C0400CB1E01 /* ViewModels */,
				1D840B4026666C0C00CB1E01 /* Models */,
				1D840B4226666C2500CB1E01 /* Services */,
				1D840B4126666C1900CB1E01 /* Data */,
				1D840B3326666BC000CB1E01 /* Assets.xcassets */,
				1D840B3826666BC000CB1E01 /* Info.plist */,
				1D840B3526666BC000CB1E01 /* Preview Content */,
			);
			path = "QY M2L13 recipe list app";
			sourceTree = "<group>";
		};
		1D840B3526666BC000CB1E01 /* Preview Content */ = {
			isa = PBXGroup;
			children = (
				1D840B3626666BC000CB1E01 /* Preview Assets.xcassets */,
			);
			path = "Preview Content";
			sourceTree = "<group>";
		};
		1D840B3E26666BFD00CB1E01 /* Views */ = {
			isa = PBXGroup;
			children = (
				1DFDC28326AEFDBF008BB0FE /* RecipeTabView.swift */,
				1D840B3126666BBD00CB1E01 /* RecipeListView.swift */,
				1D5238AE266A7335000B4EAD /* RecipeDetailView.swift */,
			);
			path = Views;
			sourceTree = "<group>";
		};
		1D840B3F26666C0400CB1E01 /* ViewModels */ = {
			isa = PBXGroup;
			children = (
				1D840B472666700A00CB1E01 /* RecipeModel.swift */,
			);
			path = ViewModels;
			sourceTree = "<group>";
		};
		1D840B4026666C0C00CB1E01 /* Models */ = {
			isa = PBXGroup;
			children = (
				1D840B4526666D7F00CB1E01 /* Receipe.swift */,
			);
			path = Models;
			sourceTree = "<group>";
		};
		1D840B4126666C1900CB1E01 /* Data */ = {
			isa = PBXGroup;
			children = (
				1D840B4326666CF600CB1E01 /* recipes.json */,
			);
			path = Data;
			sourceTree = "<group>";
		};
		1D840B4226666C2500CB1E01 /* Services */ = {
			isa = PBXGroup;
			children = (
				1D840B492666753B00CB1E01 /* DataService.swift */,
			);
			path = Services;
			sourceTree = "<group>";
		};
/* End PBXGroup section */

/* Begin PBXNativeTarget section */
		1D840B2B26666BBC00CB1E01 /* QY M2L13 recipe list app */ = {
			isa = PBXNativeTarget;
			buildConfigurationList = 1D840B3B26666BC000CB1E01 /* Build configuration list for PBXNativeTarget "QY M2L13 recipe list app" */;
			buildPhases = (
				1D840B2826666BBC00CB1E01 /* Sources */,
				1D840B2926666BBC00CB1E01 /* Frameworks */,
				1D840B2A26666BBC00CB1E01 /* Resources */,
			);
			buildRules = (
			);
			dependencies = (
			);
			name = "QY M2L13 recipe list app";
			productName = "QY M2L13 recipe list app";
			productReference = 1D840B2C26666BBC00CB1E01 /* QY M2L13 recipe list app.app */;
			productType = "com.apple.product-type.application";
		};
/* End PBXNativeTarget section */

/* Begin PBXProject section */
		1D840B2426666BBC00CB1E01 /* Project object */ = {
			isa = PBXProject;
			attributes = {
				LastSwiftUpdateCheck = 1250;
				LastUpgradeCheck = 1250;
				TargetAttributes = {
					1D840B2B26666BBC00CB1E01 = {
						CreatedOnToolsVersion = 12.5;
					};
				};
			};
			buildConfigurationList = 1D840B2726666BBC00CB1E01 /* Build configuration list for PBXProject "QY M2L13 recipe list app" */;
			compatibilityVersion = "Xcode 9.3";
			developmentRegion = en;
			hasScannedForEncodings = 0;
			knownRegions = (
				en,
				Base,
			);
			mainGroup = 1D840B2326666BBC00CB1E01;
			productRefGroup = 1D840B2D26666BBC00CB1E01 /* Products */;
			projectDirPath = "";
			projectRoot = "";
			targets = (
				1D840B2B26666BBC00CB1E01 /* QY M2L13 recipe list app */,
			);
		};
/* End PBXProject section */

/* Begin PBXResourcesBuildPhase section */
		1D840B2A26666BBC00CB1E01 /* Resources */ = {
			isa = PBXResourcesBuildPhase;
			buildActionMask = 2147483647;
			files = (
				1D840B3726666BC000CB1E01 /* Preview Assets.xcassets in Resources */,
				1D840B4426666CF600CB1E01 /* recipes.json in Resources */,
				1D840B3426666BC000CB1E01 /* Assets.xcassets in Resources */,
			);
			runOnlyForDeploymentPostprocessing = 0;
		};
/* End PBXResourcesBuildPhase section */

/* Begin PBXSourcesBuildPhase section */
		1D840B2826666BBC00CB1E01 /* Sources */ = {
			isa = PBXSourcesBuildPhase;
			buildActionMask = 2147483647;
			files = (
				1D840B4626666D7F00CB1E01 /* Receipe.swift in Sources */,
				1D5238AF266A7335000B4EAD /* RecipeDetailView.swift in Sources */,
				1D840B482666700A00CB1E01 /* RecipeModel.swift in Sources */,
				1D840B3226666BBD00CB1E01 /* RecipeListView.swift in Sources */,
				1D840B3026666BBD00CB1E01 /* QY_M2L13_recipe_list_App.swift in Sources */,
				1D840B4A2666753B00CB1E01 /* DataService.swift in Sources */,
				1DFDC28426AEFDBF008BB0FE /* RecipeTabView.swift in Sources */,
			);
			runOnlyForDeploymentPostprocessing = 0;
		};
/* End PBXSourcesBuildPhase section */

/* Begin XCBuildConfiguration section */
		1D840B3926666BC000CB1E01 /* Debug */ = {
			isa = XCBuildConfiguration;
			buildSettings = {
				ALWAYS_SEARCH_USER_PATHS = NO;
				CLANG_ANALYZER_NONNULL = YES;
				CLANG_ANALYZER_NUMBER_OBJECT_CONVERSION = YES_AGGRESSIVE;
				CLANG_CXX_LANGUAGE_STANDARD = "gnu++14";
				CLANG_CXX_LIBRARY = "libc++";
				CLANG_ENABLE_MODULES = YES;
				CLANG_ENABLE_OBJC_ARC = YES;
				CLANG_ENABLE_OBJC_WEAK = YES;
				CLANG_WARN_BLOCK_CAPTURE_AUTORELEASING = YES;
				CLANG_WARN_BOOL_CONVERSION = YES;
				CLANG_WARN_COMMA = YES;
				CLANG_WARN_CONSTANT_CONVERSION = YES;
				CLANG_WARN_DEPRECATED_OBJC_IMPLEMENTATIONS = YES;
				CLANG_WARN_DIRECT_OBJC_ISA_USAGE = YES_ERROR;
				CLANG_WARN_DOCUMENTATION_COMMENTS = YES;
				CLANG_WARN_EMPTY_BODY = YES;
				CLANG_WARN_ENUM_CONVERSION = YES;
				CLANG_WARN_INFINITE_RECURSION = YES;
				CLANG_WARN_INT_CONVERSION = YES;
				CLANG_WARN_NON_LITERAL_NULL_CONVERSION = YES;
				CLANG_WARN_OBJC_IMPLICIT_RETAIN_SELF = YES;
				CLANG_WARN_OBJC_LITERAL_CONVERSION = YES;
				CLANG_WARN_OBJC_ROOT_CLASS = YES_ERROR;
				CLANG_WARN_QUOTED_INCLUDE_IN_FRAMEWORK_HEADER = YES;
				CLANG_WARN_RANGE_LOOP_ANALYSIS = YES;
				CLANG_WARN_STRICT_PROTOTYPES = YES;
				CLANG_WARN_SUSPICIOUS_MOVE = YES;
				CLANG_WARN_UNGUARDED_AVAILABILITY = YES_AGGRESSIVE;
				CLANG_WARN_UNREACHABLE_CODE = YES;
				CLANG_WARN__DUPLICATE_METHOD_MATCH = YES;
				COPY_PHASE_STRIP = NO;
				DEBUG_INFORMATION_FORMAT = dwarf;
				ENABLE_STRICT_OBJC_MSGSEND = YES;
				ENABLE_TESTABILITY = YES;
				GCC_C_LANGUAGE_STANDARD = gnu11;
				GCC_DYNAMIC_NO_PIC = NO;
				GCC_NO_COMMON_BLOCKS = YES;
				GCC_OPTIMIZATION_LEVEL = 0;
				GCC_PREPROCESSOR_DEFINITIONS = (
					"DEBUG=1",
					"$(inherited)",
				);
				GCC_WARN_64_TO_32_BIT_CONVERSION = YES;
				GCC_WARN_ABOUT_RETURN_TYPE = YES_ERROR;
				GCC_WARN_UNDECLARED_SELECTOR = YES;
				GCC_WARN_UNINITIALIZED_AUTOS = YES_AGGRESSIVE;
				GCC_WARN_UNUSED_FUNCTION = YES;
				GCC_WARN_UNUSED_VARIABLE = YES;
				IPHONEOS_DEPLOYMENT_TARGET = 14.5;
				MTL_ENABLE_DEBUG_INFO = INCLUDE_SOURCE;
				MTL_FAST_MATH = YES;
				ONLY_ACTIVE_ARCH = YES;
				SDKROOT = iphoneos;
				SWIFT_ACTIVE_COMPILATION_CONDITIONS = DEBUG;
				SWIFT_OPTIMIZATION_LEVEL = "-Onone";
			};
			name = Debug;
		};
		1D840B3A26666BC000CB1E01 /* Release */ = {
			isa = XCBuildConfiguration;
			buildSettings = {
				ALWAYS_SEARCH_USER_PATHS = NO;
				CLANG_ANALYZER_NONNULL = YES;
				CLANG_ANALYZER_NUMBER_OBJECT_CONVERSION = YES_AGGRESSIVE;
				CLANG_CXX_LANGUAGE_STANDARD = "gnu++14";
				CLANG_CXX_LIBRARY = "libc++";
				CLANG_ENABLE_MODULES = YES;
				CLANG_ENABLE_OBJC_ARC = YES;
				CLANG_ENABLE_OBJC_WEAK = YES;
				CLANG_WARN_BLOCK_CAPTURE_AUTORELEASING = YES;
				CLANG_WARN_BOOL_CONVERSION = YES;
				CLANG_WARN_COMMA = YES;
				CLANG_WARN_CONSTANT_CONVERSION = YES;
				CLANG_WARN_DEPRECATED_OBJC_IMPLEMENTATIONS = YES;
				CLANG_WARN_DIRECT_OBJC_ISA_USAGE = YES_ERROR;
				CLANG_WARN_DOCUMENTATION_COMMENTS = YES;
				CLANG_WARN_EMPTY_BODY = YES;
				CLANG_WARN_ENUM_CONVERSION = YES;
				CLANG_WARN_INFINITE_RECURSION = YES;
				CLANG_WARN_INT_CONVERSION = YES;
				CLANG_WARN_NON_LITERAL_NULL_CONVERSION = YES;
				CLANG_WARN_OBJC_IMPLICIT_RETAIN_SELF = YES;
				CLANG_WARN_OBJC_LITERAL_CONVERSION = YES;
				CLANG_WARN_OBJC_ROOT_CLASS = YES_ERROR;
				CLANG_WARN_QUOTED_INCLUDE_IN_FRAMEWORK_HEADER = YES;
				CLANG_WARN_RANGE_LOOP_ANALYSIS = YES;
				CLANG_WARN_STRICT_PROTOTYPES = YES;
				CLANG_WARN_SUSPICIOUS_MOVE = YES;
				CLANG_WARN_UNGUARDED_AVAILABILITY = YES_AGGRESSIVE;
				CLANG_WARN_UNREACHABLE_CODE = YES;
				CLANG_WARN__DUPLICATE_METHOD_MATCH = YES;
				COPY_PHASE_STRIP = NO;
				DEBUG_INFORMATION_FORMAT = "dwarf-with-dsym";
				ENABLE_NS_ASSERTIONS = NO;
				ENABLE_STRICT_OBJC_MSGSEND = YES;
				GCC_C_LANGUAGE_STANDARD = gnu11;
				GCC_NO_COMMON_BLOCKS = YES;
				GCC_WARN_64_TO_32_BIT_CONVERSION = YES;
				GCC_WARN_ABOUT_RETURN_TYPE = YES_ERROR;
				GCC_WARN_UNDECLARED_SELECTOR = YES;
				GCC_WARN_UNINITIALIZED_AUTOS = YES_AGGRESSIVE;
				GCC_WARN_UNUSED_FUNCTION = YES;
				GCC_WARN_UNUSED_VARIABLE = YES;
				IPHONEOS_DEPLOYMENT_TARGET = 14.5;
				MTL_ENABLE_DEBUG_INFO = NO;
				MTL_FAST_MATH = YES;
				SDKROOT = iphoneos;
				SWIFT_COMPILATION_MODE = wholemodule;
				SWIFT_OPTIMIZATION_LEVEL = "-O";
				VALIDATE_PRODUCT = YES;
			};
			name = Release;
		};
		1D840B3C26666BC000CB1E01 /* Debug */ = {
			isa = XCBuildConfiguration;
			buildSettings = {
				ASSETCATALOG_COMPILER_APPICON_NAME = AppIcon;
				ASSETCATALOG_COMPILER_GLOBAL_ACCENT_COLOR_NAME = AccentColor;
				CODE_SIGN_STYLE = Automatic;
				DEVELOPMENT_ASSET_PATHS = "\"QY M2L13 recipe list app/Preview Content\"";
				DEVELOPMENT_TEAM = 497DH9D6KW;
				ENABLE_PREVIEWS = YES;
				INFOPLIST_FILE = "QY M2L13 recipe list app/Info.plist";
				IPHONEOS_DEPLOYMENT_TARGET = 14.0;
				LD_RUNPATH_SEARCH_PATHS = (
					"$(inherited)",
					"@executable_path/Frameworks",
				);
				PRODUCT_BUNDLE_IDENTIFIER = "Jean.QY-M2L13-recipe-list-app";
				PRODUCT_NAME = "$(TARGET_NAME)";
				SWIFT_VERSION = 5.0;
				TARGETED_DEVICE_FAMILY = "1,2";
			};
			name = Debug;
		};
		1D840B3D26666BC000CB1E01 /* Release */ = {
			isa = XCBuildConfiguration;
			buildSettings = {
				ASSETCATALOG_COMPILER_APPICON_NAME = AppIcon;
				ASSETCATALOG_COMPILER_GLOBAL_ACCENT_COLOR_NAME = AccentColor;
				CODE_SIGN_STYLE = Automatic;
				DEVELOPMENT_ASSET_PATHS = "\"QY M2L13 recipe list app/Preview Content\"";
				DEVELOPMENT_TEAM = 497DH9D6KW;
				ENABLE_PREVIEWS = YES;
				INFOPLIST_FILE = "QY M2L13 recipe list app/Info.plist";
				IPHONEOS_DEPLOYMENT_TARGET = 14.0;
				LD_RUNPATH_SEARCH_PATHS = (
					"$(inherited)",
					"@executable_path/Frameworks",
				);
				PRODUCT_BUNDLE_IDENTIFIER = "Jean.QY-M2L13-recipe-list-app";
				PRODUCT_NAME = "$(TARGET_NAME)";
				SWIFT_VERSION = 5.0;
				TARGETED_DEVICE_FAMILY = "1,2";
			};
			name = Release;
		};
/* End XCBuildConfiguration section */

/* Begin XCConfigurationList section */
		1D840B2726666BBC00CB1E01 /* Build configuration list for PBXProject "QY M2L13 recipe list app" */ = {
			isa = XCConfigurationList;
			buildConfigurations = (
				1D840B3926666BC000CB1E01 /* Debug */,
				1D840B3A26666BC000CB1E01 /* Release */,
			);
			defaultConfigurationIsVisible = 0;
			defaultConfigurationName = Release;
		};
		1D840B3B26666BC000CB1E01 /* Build configuration list for PBXNativeTarget "QY M2L13 recipe list app" */ = {
			isa = XCConfigurationList;
			buildConfigurations = (
				1D840B3C26666BC000CB1E01 /* Debug */,
				1D840B3D26666BC000CB1E01 /* Release */,
			);
			defaultConfigurationIsVisible = 0;
			defaultConfigurationName = Release;
		};
/* End XCConfigurationList section */
	};
	rootObject = 1D840B2426666BBC00CB1E01 /* Project object */;
}
